
Microsoft Visual Studio Solution File, Format Version 12.00
# Visual Studio Version 17
VisualStudioVersion = 17.11.35219.272
MinimumVisualStudioVersion = 10.0.40219.1
Project("{9A19103F-16F7-4668-BE54-9A1E7A4F7556}") = "FractalPainting", "FractalPainting.csproj", "{C5C80578-ECD3-4CC9-B5AE-2C913BCF69A2}"
EndProject
Global
	GlobalSection(SolutionConfigurationPlatforms) = preSolution
		Debug|Any CPU = Debug|Any CPU
		Release|Any CPU = Release|Any CPU
	EndGlobalSection
	GlobalSection(ProjectConfigurationPlatforms) = postSolution
		{C5C80578-ECD3-4CC9-B5AE-2C913BCF69A2}.Debug|Any CPU.ActiveCfg = Debug|Any CPU
		{C5C80578-ECD3-4CC9-B5AE-2C913BCF69A2}.Debug|Any CPU.Build.0 = Debug|Any CPU
		{C5C80578-ECD3-4CC9-B5AE-2C913BCF69A2}.Release|Any CPU.ActiveCfg = Release|Any CPU
		{C5C80578-ECD3-4CC9-B5AE-2C913BCF69A2}.Release|Any CPU.Build.0 = Release|Any CPU
	EndGlobalSection
	GlobalSection(SolutionProperties) = preSolution
		HideSolutionNode = FALSE
	EndGlobalSection
	GlobalSection(ExtensibilityGlobals) = postSolution
		SolutionGuid = {167C44D3-B59B-4DC1-8BBC-12EAEB3A0DB8}
	EndGlobalSection
EndGlobal
