
Microsoft Visual Studio Solution File, Format Version 12.00
# Visual Studio Version 17
VisualStudioVersion = 17.11.35219.272
MinimumVisualStudioVersion = 10.0.40219.1
Project("{9A19103F-16F7-4668-BE54-9A1E7A4F7556}") = "Generics.Tables", "Generics.Tables.csproj", "{1D0E4C40-0A68-47D0-96F8-DBCB384593A8}"
EndProject
Global
	GlobalSection(SolutionConfigurationPlatforms) = preSolution
		Debug|Any CPU = Debug|Any CPU
		Release|Any CPU = Release|Any CPU
	EndGlobalSection
	GlobalSection(ProjectConfigurationPlatforms) = postSolution
		{1D0E4C40-0A68-47D0-96F8-DBCB384593A8}.Debug|Any CPU.ActiveCfg = Debug|Any CPU
		{1D0E4C40-0A68-47D0-96F8-DBCB384593A8}.Debug|Any CPU.Build.0 = Debug|Any CPU
		{1D0E4C40-0A68-47D0-96F8-DBCB384593A8}.Release|Any CPU.ActiveCfg = Release|Any CPU
		{1D0E4C40-0A68-47D0-96F8-DBCB384593A8}.Release|Any CPU.Build.0 = Release|Any CPU
	EndGlobalSection
	GlobalSection(SolutionProperties) = preSolution
		HideSolutionNode = FALSE
	EndGlobalSection
	GlobalSection(ExtensibilityGlobals) = postSolution
		SolutionGuid = {374E0EFD-1062-4E18-8907-66CF369006F1}
	EndGlobalSection
EndGlobal
