
Microsoft Visual Studio Solution File, Format Version 12.00
# Visual Studio Version 17
VisualStudioVersion = 17.11.35219.272
MinimumVisualStudioVersion = 10.0.40219.1
Project("{9A19103F-16F7-4668-BE54-9A1E7A4F7556}") = "linq-slideviews", "linq-slideviews.csproj", "{72BDEEDD-7109-4038-B847-FE045D67826F}"
EndProject
Global
	GlobalSection(SolutionConfigurationPlatforms) = preSolution
		Debug|Any CPU = Debug|Any CPU
		Release|Any CPU = Release|Any CPU
	EndGlobalSection
	GlobalSection(ProjectConfigurationPlatforms) = postSolution
		{72BDEEDD-7109-4038-B847-FE045D67826F}.Debug|Any CPU.ActiveCfg = Debug|Any CPU
		{72BDEEDD-7109-4038-B847-FE045D67826F}.Debug|Any CPU.Build.0 = Debug|Any CPU
		{72BDEEDD-7109-4038-B847-FE045D67826F}.Release|Any CPU.ActiveCfg = Release|Any CPU
		{72BDEEDD-7109-4038-B847-FE045D67826F}.Release|Any CPU.Build.0 = Release|Any CPU
	EndGlobalSection
	GlobalSection(SolutionProperties) = preSolution
		HideSolutionNode = FALSE
	EndGlobalSection
	GlobalSection(ExtensibilityGlobals) = postSolution
		SolutionGuid = {285B385E-76FF-463A-B310-AF8BA6BAAC80}
	EndGlobalSection
EndGlobal
