
Microsoft Visual Studio Solution File, Format Version 12.00
# Visual Studio Version 17
VisualStudioVersion = 17.9.34728.123
MinimumVisualStudioVersion = 10.0.40219.1
Project("{9A19103F-16F7-4668-BE54-9A1E7A4F7556}") = "Billiards", "Billiards.csproj", "{766C0DC8-C765-4DC8-8629-89FB41A685C6}"
EndProject
Global
	GlobalSection(SolutionConfigurationPlatforms) = preSolution
		Debug|Any CPU = Debug|Any CPU
		Release|Any CPU = Release|Any CPU
	EndGlobalSection
	GlobalSection(ProjectConfigurationPlatforms) = postSolution
		{766C0DC8-C765-4DC8-8629-89FB41A685C6}.Debug|Any CPU.ActiveCfg = Debug|Any CPU
		{766C0DC8-C765-4DC8-8629-89FB41A685C6}.Debug|Any CPU.Build.0 = Debug|Any CPU
		{766C0DC8-C765-4DC8-8629-89FB41A685C6}.Release|Any CPU.ActiveCfg = Release|Any CPU
		{766C0DC8-C765-4DC8-8629-89FB41A685C6}.Release|Any CPU.Build.0 = Release|Any CPU
	EndGlobalSection
	GlobalSection(SolutionProperties) = preSolution
		HideSolutionNode = FALSE
	EndGlobalSection
	GlobalSection(ExtensibilityGlobals) = postSolution
		SolutionGuid = {FEB5E36D-8F7B-4288-9EB4-DCFE598E97E8}
	EndGlobalSection
EndGlobal
