
Microsoft Visual Studio Solution File, Format Version 12.00
# Visual Studio Version 17
VisualStudioVersion = 17.11.35219.272
MinimumVisualStudioVersion = 10.0.40219.1
Project("{9A19103F-16F7-4668-BE54-9A1E7A4F7556}") = "Delegates.TreeTraversal", "Delegates.TreeTraversal.csproj", "{1837408B-000C-4375-AD31-05F6EC5730D7}"
EndProject
Global
	GlobalSection(SolutionConfigurationPlatforms) = preSolution
		Debug|Any CPU = Debug|Any CPU
		Release|Any CPU = Release|Any CPU
	EndGlobalSection
	GlobalSection(ProjectConfigurationPlatforms) = postSolution
		{1837408B-000C-4375-AD31-05F6EC5730D7}.Debug|Any CPU.ActiveCfg = Debug|Any CPU
		{1837408B-000C-4375-AD31-05F6EC5730D7}.Debug|Any CPU.Build.0 = Debug|Any CPU
		{1837408B-000C-4375-AD31-05F6EC5730D7}.Release|Any CPU.ActiveCfg = Release|Any CPU
		{1837408B-000C-4375-AD31-05F6EC5730D7}.Release|Any CPU.Build.0 = Release|Any CPU
	EndGlobalSection
	GlobalSection(SolutionProperties) = preSolution
		HideSolutionNode = FALSE
	EndGlobalSection
	GlobalSection(ExtensibilityGlobals) = postSolution
		SolutionGuid = {1BF0CA07-2DB3-4B37-BFA8-1416EB1EC026}
	EndGlobalSection
EndGlobal
