
Microsoft Visual Studio Solution File, Format Version 12.00
# Visual Studio Version 17
VisualStudioVersion = 17.11.35219.272
MinimumVisualStudioVersion = 10.0.40219.1
Project("{9A19103F-16F7-4668-BE54-9A1E7A4F7556}") = "Inheritance.Geometry", "Inheritance.Geometry.csproj", "{D141ADA6-7738-4E75-B61E-501FCC1D2D02}"
EndProject
Global
	GlobalSection(SolutionConfigurationPlatforms) = preSolution
		Debug|Any CPU = Debug|Any CPU
		Release|Any CPU = Release|Any CPU
	EndGlobalSection
	GlobalSection(ProjectConfigurationPlatforms) = postSolution
		{D141ADA6-7738-4E75-B61E-501FCC1D2D02}.Debug|Any CPU.ActiveCfg = Debug|Any CPU
		{D141ADA6-7738-4E75-B61E-501FCC1D2D02}.Debug|Any CPU.Build.0 = Debug|Any CPU
		{D141ADA6-7738-4E75-B61E-501FCC1D2D02}.Release|Any CPU.ActiveCfg = Release|Any CPU
		{D141ADA6-7738-4E75-B61E-501FCC1D2D02}.Release|Any CPU.Build.0 = Release|Any CPU
	EndGlobalSection
	GlobalSection(SolutionProperties) = preSolution
		HideSolutionNode = FALSE
	EndGlobalSection
	GlobalSection(ExtensibilityGlobals) = postSolution
		SolutionGuid = {A06C13AB-7829-48BC-B846-7A0665733132}
	EndGlobalSection
EndGlobal
