
Microsoft Visual Studio Solution File, Format Version 12.00
# Visual Studio Version 17
VisualStudioVersion = 17.11.35219.272
MinimumVisualStudioVersion = 10.0.40219.1
Project("{9A19103F-16F7-4668-BE54-9A1E7A4F7556}") = "Streams.Resources", "Streams.Resources.csproj", "{21BCC8BC-1DE8-4D78-9598-49F6CB291B45}"
EndProject
Global
	GlobalSection(SolutionConfigurationPlatforms) = preSolution
		Debug|Any CPU = Debug|Any CPU
		Release|Any CPU = Release|Any CPU
	EndGlobalSection
	GlobalSection(ProjectConfigurationPlatforms) = postSolution
		{21BCC8BC-1DE8-4D78-9598-49F6CB291B45}.Debug|Any CPU.ActiveCfg = Debug|Any CPU
		{21BCC8BC-1DE8-4D78-9598-49F6CB291B45}.Debug|Any CPU.Build.0 = Debug|Any CPU
		{21BCC8BC-1DE8-4D78-9598-49F6CB291B45}.Release|Any CPU.ActiveCfg = Release|Any CPU
		{21BCC8BC-1DE8-4D78-9598-49F6CB291B45}.Release|Any CPU.Build.0 = Release|Any CPU
	EndGlobalSection
	GlobalSection(SolutionProperties) = preSolution
		HideSolutionNode = FALSE
	EndGlobalSection
	GlobalSection(ExtensibilityGlobals) = postSolution
		SolutionGuid = {5A1609FD-8ECD-4DAB-99B0-B6F69F718566}
	EndGlobalSection
EndGlobal
