
Microsoft Visual Studio Solution File, Format Version 12.00
# Visual Studio Version 17
VisualStudioVersion = 17.11.35219.272
MinimumVisualStudioVersion = 10.0.40219.1
Project("{9A19103F-16F7-4668-BE54-9A1E7A4F7556}") = "yield-return-smooth", "yield-return-smooth.csproj", "{BF6E7193-2D0E-4EBA-93CD-2D87D314B919}"
EndProject
Global
	GlobalSection(SolutionConfigurationPlatforms) = preSolution
		Debug|Any CPU = Debug|Any CPU
		Release|Any CPU = Release|Any CPU
	EndGlobalSection
	GlobalSection(ProjectConfigurationPlatforms) = postSolution
		{BF6E7193-2D0E-4EBA-93CD-2D87D314B919}.Debug|Any CPU.ActiveCfg = Debug|Any CPU
		{BF6E7193-2D0E-4EBA-93CD-2D87D314B919}.Debug|Any CPU.Build.0 = Debug|Any CPU
		{BF6E7193-2D0E-4EBA-93CD-2D87D314B919}.Release|Any CPU.ActiveCfg = Release|Any CPU
		{BF6E7193-2D0E-4EBA-93CD-2D87D314B919}.Release|Any CPU.Build.0 = Release|Any CPU
	EndGlobalSection
	GlobalSection(SolutionProperties) = preSolution
		HideSolutionNode = FALSE
	EndGlobalSection
	GlobalSection(ExtensibilityGlobals) = postSolution
		SolutionGuid = {D540297F-7724-4F76-B430-46092169B076}
	EndGlobalSection
EndGlobal
