
Microsoft Visual Studio Solution File, Format Version 12.00
# Visual Studio Version 17
VisualStudioVersion = 17.9.34728.123
MinimumVisualStudioVersion = 10.0.40219.1
Project("{9A19103F-16F7-4668-BE54-9A1E7A4F7556}") = "Names", "Names.csproj", "{EAE857AC-9E7D-430C-9F2F-A46AF36A86C5}"
EndProject
Global
	GlobalSection(SolutionConfigurationPlatforms) = preSolution
		Debug|Any CPU = Debug|Any CPU
		Release|Any CPU = Release|Any CPU
	EndGlobalSection
	GlobalSection(ProjectConfigurationPlatforms) = postSolution
		{EAE857AC-9E7D-430C-9F2F-A46AF36A86C5}.Debug|Any CPU.ActiveCfg = Debug|Any CPU
		{EAE857AC-9E7D-430C-9F2F-A46AF36A86C5}.Debug|Any CPU.Build.0 = Debug|Any CPU
		{EAE857AC-9E7D-430C-9F2F-A46AF36A86C5}.Release|Any CPU.ActiveCfg = Release|Any CPU
		{EAE857AC-9E7D-430C-9F2F-A46AF36A86C5}.Release|Any CPU.Build.0 = Release|Any CPU
	EndGlobalSection
	GlobalSection(SolutionProperties) = preSolution
		HideSolutionNode = FALSE
	EndGlobalSection
	GlobalSection(ExtensibilityGlobals) = postSolution
		SolutionGuid = {8083F96E-652F-4764-A22E-3BA6275FB1F9}
	EndGlobalSection
EndGlobal
