
Microsoft Visual Studio Solution File, Format Version 12.00
# Visual Studio Version 17
VisualStudioVersion = 17.9.34728.123
MinimumVisualStudioVersion = 10.0.40219.1
Project("{9A19103F-16F7-4668-BE54-9A1E7A4F7556}") = "DistanceTask", "DistanceTask.csproj", "{33F826DC-E9E0-4FD0-BFFF-9DC493A18054}"
EndProject
Global
	GlobalSection(SolutionConfigurationPlatforms) = preSolution
		Debug|Any CPU = Debug|Any CPU
		Release|Any CPU = Release|Any CPU
	EndGlobalSection
	GlobalSection(ProjectConfigurationPlatforms) = postSolution
		{33F826DC-E9E0-4FD0-BFFF-9DC493A18054}.Debug|Any CPU.ActiveCfg = Debug|Any CPU
		{33F826DC-E9E0-4FD0-BFFF-9DC493A18054}.Debug|Any CPU.Build.0 = Debug|Any CPU
		{33F826DC-E9E0-4FD0-BFFF-9DC493A18054}.Release|Any CPU.ActiveCfg = Release|Any CPU
		{33F826DC-E9E0-4FD0-BFFF-9DC493A18054}.Release|Any CPU.Build.0 = Release|Any CPU
	EndGlobalSection
	GlobalSection(SolutionProperties) = preSolution
		HideSolutionNode = FALSE
	EndGlobalSection
	GlobalSection(ExtensibilityGlobals) = postSolution
		SolutionGuid = {C1ADECAB-EE6A-4F23-9A52-4AE7A1D3FA6C}
	EndGlobalSection
EndGlobal
