
Microsoft Visual Studio Solution File, Format Version 12.00
# Visual Studio Version 17
VisualStudioVersion = 17.11.35219.272
MinimumVisualStudioVersion = 10.0.40219.1
Project("{9A19103F-16F7-4668-BE54-9A1E7A4F7556}") = "Incapsulation.Failures", "Incapsulation.Failures.csproj", "{393C0636-B576-4B6C-A8CD-CCB67386AFBB}"
EndProject
Global
	GlobalSection(SolutionConfigurationPlatforms) = preSolution
		Debug|Any CPU = Debug|Any CPU
		Release|Any CPU = Release|Any CPU
	EndGlobalSection
	GlobalSection(ProjectConfigurationPlatforms) = postSolution
		{393C0636-B576-4B6C-A8CD-CCB67386AFBB}.Debug|Any CPU.ActiveCfg = Debug|Any CPU
		{393C0636-B576-4B6C-A8CD-CCB67386AFBB}.Debug|Any CPU.Build.0 = Debug|Any CPU
		{393C0636-B576-4B6C-A8CD-CCB67386AFBB}.Release|Any CPU.ActiveCfg = Release|Any CPU
		{393C0636-B576-4B6C-A8CD-CCB67386AFBB}.Release|Any CPU.Build.0 = Release|Any CPU
	EndGlobalSection
	GlobalSection(SolutionProperties) = preSolution
		HideSolutionNode = FALSE
	EndGlobalSection
	GlobalSection(ExtensibilityGlobals) = postSolution
		SolutionGuid = {AFC0628F-D6DE-424C-84B6-F01FD85AE020}
	EndGlobalSection
EndGlobal
