
Microsoft Visual Studio Solution File, Format Version 12.00
# Visual Studio Version 17
VisualStudioVersion = 17.9.34728.123
MinimumVisualStudioVersion = 10.0.40219.1
Project("{9A19103F-16F7-4668-BE54-9A1E7A4F7556}") = "Pluralize", "Pluralize.csproj", "{13A6249C-FAF3-4C7B-AAD9-65C7DB444D59}"
EndProject
Global
	GlobalSection(SolutionConfigurationPlatforms) = preSolution
		Debug|Any CPU = Debug|Any CPU
		Release|Any CPU = Release|Any CPU
	EndGlobalSection
	GlobalSection(ProjectConfigurationPlatforms) = postSolution
		{13A6249C-FAF3-4C7B-AAD9-65C7DB444D59}.Debug|Any CPU.ActiveCfg = Debug|Any CPU
		{13A6249C-FAF3-4C7B-AAD9-65C7DB444D59}.Debug|Any CPU.Build.0 = Debug|Any CPU
		{13A6249C-FAF3-4C7B-AAD9-65C7DB444D59}.Release|Any CPU.ActiveCfg = Release|Any CPU
		{13A6249C-FAF3-4C7B-AAD9-65C7DB444D59}.Release|Any CPU.Build.0 = Release|Any CPU
	EndGlobalSection
	GlobalSection(SolutionProperties) = preSolution
		HideSolutionNode = FALSE
	EndGlobalSection
	GlobalSection(ExtensibilityGlobals) = postSolution
		SolutionGuid = {A440F3DC-B00A-4768-B4B4-5A63C7639F6B}
	EndGlobalSection
EndGlobal
