
Microsoft Visual Studio Solution File, Format Version 12.00
# Visual Studio Version 17
VisualStudioVersion = 17.11.35219.272
MinimumVisualStudioVersion = 10.0.40219.1
Project("{9A19103F-16F7-4668-BE54-9A1E7A4F7556}") = "hashes-readonly-bytes", "hashes-readonly-bytes.csproj", "{B87519B4-33E5-4E60-9A28-744A1DC0337D}"
EndProject
Global
	GlobalSection(SolutionConfigurationPlatforms) = preSolution
		Debug|Any CPU = Debug|Any CPU
		Release|Any CPU = Release|Any CPU
	EndGlobalSection
	GlobalSection(ProjectConfigurationPlatforms) = postSolution
		{B87519B4-33E5-4E60-9A28-744A1DC0337D}.Debug|Any CPU.ActiveCfg = Debug|Any CPU
		{B87519B4-33E5-4E60-9A28-744A1DC0337D}.Debug|Any CPU.Build.0 = Debug|Any CPU
		{B87519B4-33E5-4E60-9A28-744A1DC0337D}.Release|Any CPU.ActiveCfg = Release|Any CPU
		{B87519B4-33E5-4E60-9A28-744A1DC0337D}.Release|Any CPU.Build.0 = Release|Any CPU
	EndGlobalSection
	GlobalSection(SolutionProperties) = preSolution
		HideSolutionNode = FALSE
	EndGlobalSection
	GlobalSection(ExtensibilityGlobals) = postSolution
		SolutionGuid = {337843AC-ECBF-4D40-ABC4-3E9C136BE94A}
	EndGlobalSection
EndGlobal
