
Microsoft Visual Studio Solution File, Format Version 12.00
# Visual Studio Version 17
VisualStudioVersion = 17.11.35219.272
MinimumVisualStudioVersion = 10.0.40219.1
Project("{9A19103F-16F7-4668-BE54-9A1E7A4F7556}") = "Delegates.Observers", "Delegates.Observers.csproj", "{A818BEBE-FB8B-4BEC-BFFD-B678B70EBD14}"
EndProject
Global
	GlobalSection(SolutionConfigurationPlatforms) = preSolution
		Debug|Any CPU = Debug|Any CPU
		Release|Any CPU = Release|Any CPU
	EndGlobalSection
	GlobalSection(ProjectConfigurationPlatforms) = postSolution
		{A818BEBE-FB8B-4BEC-BFFD-B678B70EBD14}.Debug|Any CPU.ActiveCfg = Debug|Any CPU
		{A818BEBE-FB8B-4BEC-BFFD-B678B70EBD14}.Debug|Any CPU.Build.0 = Debug|Any CPU
		{A818BEBE-FB8B-4BEC-BFFD-B678B70EBD14}.Release|Any CPU.ActiveCfg = Release|Any CPU
		{A818BEBE-FB8B-4BEC-BFFD-B678B70EBD14}.Release|Any CPU.Build.0 = Release|Any CPU
	EndGlobalSection
	GlobalSection(SolutionProperties) = preSolution
		HideSolutionNode = FALSE
	EndGlobalSection
	GlobalSection(ExtensibilityGlobals) = postSolution
		SolutionGuid = {21B1686E-19D9-4BD1-A890-070ACB0023B6}
	EndGlobalSection
EndGlobal
